
Microsoft Visual Studio Solution File, Format Version 10.00
# Visual Studio 2008
Project("{2150E333-8FDC-42A3-9474-1A3956D46DE8}") = "Solution Items", "Solution Items", "{B0EA36B8-D7E6-48C8-B27C-0D76852660F2}"
	ProjectSection(SolutionItems) = preProject
		flickrnet.vsmdi = flickrnet.vsmdi
		localtestrun-codecoverage.testrunconfig = localtestrun-codecoverage.testrunconfig
		localtestrun.testrunconfig = localtestrun.testrunconfig
	EndProjectSection
EndProject
Project("{FAE04EC0-301F-11D3-BF4B-00C04F79EFBC}") = "FlickrNetCF", "FlickrNet\FlickrNetCF.csproj", "{DACD45D5-ED22-4DD5-9D1D-B1706E0AD1B9}"
EndProject
Global
	GlobalSection(SubversionScc) = preSolution
		Svn-Managed = True
		Manager = AnkhSVN - Subversion Support for Visual Studio
	EndGlobalSection
	GlobalSection(TestCaseManagementSettings) = postSolution
		CategoryFile = FlickrNet.vsmdi
	EndGlobalSection
	GlobalSection(SolutionConfigurationPlatforms) = preSolution
		Debug|Any CPU = Debug|Any CPU
		Release|Any CPU = Release|Any CPU
	EndGlobalSection
	GlobalSection(ProjectConfigurationPlatforms) = postSolution
		{DACD45D5-ED22-4DD5-9D1D-B1706E0AD1B9}.Debug|Any CPU.ActiveCfg = Debug|Any CPU
		{DACD45D5-ED22-4DD5-9D1D-B1706E0AD1B9}.Debug|Any CPU.Build.0 = Debug|Any CPU
		{DACD45D5-ED22-4DD5-9D1D-B1706E0AD1B9}.Release|Any CPU.ActiveCfg = Release|Any CPU
		{DACD45D5-ED22-4DD5-9D1D-B1706E0AD1B9}.Release|Any CPU.Build.0 = Release|Any CPU
	EndGlobalSection
	GlobalSection(SolutionProperties) = preSolution
		HideSolutionNode = FALSE
	EndGlobalSection
	GlobalSection(MonoDevelopProperties) = preSolution
		StartupItem = FlickrNet\FlickrNet.csproj
	EndGlobalSection
EndGlobal
