
Microsoft Visual Studio Solution File, Format Version 9.00
# Visual Studio 2005
Project("{FAE04EC0-301F-11D3-BF4B-00C04F79EFBC}") = "FlickrNetCF", "FlickrNet\FlickrNetCF.csproj", "{DACD45D5-ED22-4DD5-9D1D-B1706E0AD1B9}"
EndProject
Global
	GlobalSection(TeamFoundationVersionControl) = preSolution
		SccNumberOfProjects = 2
		SccEnterpriseProvider = {4CA58AB2-18FA-4F8D-95D4-32DDF27D184C}
		SccTeamFoundationServer = https://tfs01.codeplex.com/
		SccLocalPath0 = .
		SccProjectUniqueName1 = FlickrNet\\FlickrNetCF.csproj
		SccProjectName1 = FlickrNet
		SccLocalPath1 = FlickrNet
	EndGlobalSection
	GlobalSection(SolutionConfigurationPlatforms) = preSolution
		Debug|Any CPU = Debug|Any CPU
		Release|Any CPU = Release|Any CPU
	EndGlobalSection
	GlobalSection(ProjectConfigurationPlatforms) = postSolution
		{DACD45D5-ED22-4DD5-9D1D-B1706E0AD1B9}.Debug|Any CPU.ActiveCfg = Debug|Any CPU
		{DACD45D5-ED22-4DD5-9D1D-B1706E0AD1B9}.Debug|Any CPU.Build.0 = Debug|Any CPU
		{DACD45D5-ED22-4DD5-9D1D-B1706E0AD1B9}.Release|Any CPU.ActiveCfg = Release|Any CPU
		{DACD45D5-ED22-4DD5-9D1D-B1706E0AD1B9}.Release|Any CPU.Build.0 = Release|Any CPU
	EndGlobalSection
	GlobalSection(SolutionProperties) = preSolution
		HideSolutionNode = FALSE
	EndGlobalSection
EndGlobal
