
Microsoft Visual Studio Solution File, Format Version 12.00
# Visual Studio 2012
Project("{2150E333-8FDC-42A3-9474-1A3956D46DE8}") = "Solution Items", "Solution Items", "{A78529B5-8396-4ECE-84B4-E42E66B4F0F9}"
	ProjectSection(SolutionItems) = preProject
		deploy.proj = deploy.proj
		NuGet\FlickrNet.nuspec = NuGet\FlickrNet.nuspec
	EndProjectSection
EndProject
Project("{FAE04EC0-301F-11D3-BF4B-00C04F79EFBC}") = "FlickrNet", "FlickrNet\FlickrNet.csproj", "{5F017126-C1FF-4996-85CC-6150E80C6AFC}"
EndProject
Project("{FAE04EC0-301F-11D3-BF4B-00C04F79EFBC}") = "FlickrNetTest", "FlickrNetTest\FlickrNetTest.csproj", "{169D2B40-8833-4AF1-B8CD-CA8B26E2A195}"
EndProject
Project("{FAE04EC0-301F-11D3-BF4B-00C04F79EFBC}") = "FlickrNetSilverlight", "FlickrNet\FlickrNetSilverlight.csproj", "{99FD3B5A-FAB3-488E-8169-37842B4F0B18}"
EndProject
Project("{2150E333-8FDC-42A3-9474-1A3956D46DE8}") = ".nuget", ".nuget", "{22CF2AC5-B17A-4D58-A386-9F796DCFF352}"
	ProjectSection(SolutionItems) = preProject
		.nuget\NuGet.Config = .nuget\NuGet.Config
		.nuget\NuGet.exe = .nuget\NuGet.exe
		.nuget\NuGet.targets = .nuget\NuGet.targets
	EndProjectSection
EndProject
Global
	GlobalSection(TeamFoundationVersionControl) = preSolution
		SccNumberOfProjects = 4
		SccEnterpriseProvider = {4CA58AB2-18FA-4F8D-95D4-32DDF27D184C}
		SccTeamFoundationServer = https://tfs.codeplex.com/tfs/tfs01
		SccLocalPath0 = .
		SccProjectUniqueName1 = FlickrNet\\FlickrNet.csproj
		SccProjectName1 = FlickrNet
		SccLocalPath1 = FlickrNet
		SccProjectUniqueName2 = FlickrNetTest\\FlickrNetTest.csproj
		SccProjectName2 = FlickrNetTest
		SccLocalPath2 = FlickrNetTest
		SccProjectUniqueName3 = FlickrNet\\FlickrNetSilverlight.csproj
		SccProjectName3 = FlickrNet
		SccLocalPath3 = FlickrNet
	EndGlobalSection
	GlobalSection(SolutionConfigurationPlatforms) = preSolution
		Debug|Any CPU = Debug|Any CPU
		Release|Any CPU = Release|Any CPU
	EndGlobalSection
	GlobalSection(ProjectConfigurationPlatforms) = postSolution
		{5F017126-C1FF-4996-85CC-6150E80C6AFC}.Debug|Any CPU.ActiveCfg = Debug|Any CPU
		{5F017126-C1FF-4996-85CC-6150E80C6AFC}.Debug|Any CPU.Build.0 = Debug|Any CPU
		{5F017126-C1FF-4996-85CC-6150E80C6AFC}.Release|Any CPU.ActiveCfg = Release|Any CPU
		{5F017126-C1FF-4996-85CC-6150E80C6AFC}.Release|Any CPU.Build.0 = Release|Any CPU
		{169D2B40-8833-4AF1-B8CD-CA8B26E2A195}.Debug|Any CPU.ActiveCfg = Debug|Any CPU
		{169D2B40-8833-4AF1-B8CD-CA8B26E2A195}.Debug|Any CPU.Build.0 = Debug|Any CPU
		{169D2B40-8833-4AF1-B8CD-CA8B26E2A195}.Release|Any CPU.ActiveCfg = Release|Any CPU
		{169D2B40-8833-4AF1-B8CD-CA8B26E2A195}.Release|Any CPU.Build.0 = Release|Any CPU
		{99FD3B5A-FAB3-488E-8169-37842B4F0B18}.Debug|Any CPU.ActiveCfg = Debug|Any CPU
		{99FD3B5A-FAB3-488E-8169-37842B4F0B18}.Debug|Any CPU.Build.0 = Debug|Any CPU
		{99FD3B5A-FAB3-488E-8169-37842B4F0B18}.Release|Any CPU.ActiveCfg = Release|Any CPU
		{99FD3B5A-FAB3-488E-8169-37842B4F0B18}.Release|Any CPU.Build.0 = Release|Any CPU
	EndGlobalSection
	GlobalSection(SolutionProperties) = preSolution
		HideSolutionNode = FALSE
	EndGlobalSection
EndGlobal
