
Microsoft Visual Studio Solution File, Format Version 12.00
# Visual Studio 15
VisualStudioVersion = 15.0.26730.10
MinimumVisualStudioVersion = 10.0.40219.1
Project("{2150E333-8FDC-42A3-9474-1A3956D46DE8}") = "Solution Items", "Solution Items", "{A78529B5-8396-4ECE-84B4-E42E66B4F0F9}"
	ProjectSection(SolutionItems) = preProject
		..\.gitignore = ..\.gitignore
		deploy.proj = deploy.proj
		FlickrNet.nuspec = FlickrNet.nuspec
		..\README.md = ..\README.md
	EndProjectSection
EndProject
Project("{FAE04EC0-301F-11D3-BF4B-00C04F79EFBC}") = "FlickrNet45", "FlickrNet45.csproj", "{22FEB4EC-ABD5-4FB5-B2C7-131C014B6E8A}"
EndProject
Project("{FAE04EC0-301F-11D3-BF4B-00C04F79EFBC}") = "FlickrNet45.Tests", "FlickrNet45.Tests\FlickrNet45.Tests.csproj", "{C41CCBD0-3EE1-4B94-A0D1-BB372CE0ECB2}"
EndProject
Project("{FAE04EC0-301F-11D3-BF4B-00C04F79EFBC}") = "FlickrNetPCL", "FlickrNetPCL.csproj", "{0F196C06-C9ED-479B-8844-F85E791709ED}"
EndProject
Project("{FAE04EC0-301F-11D3-BF4B-00C04F79EFBC}") = "FlickrNetPCL.Tests", "..\FlickrNetPCL.Tests\FlickrNetPCL.Tests.csproj", "{C6159511-3C62-4858-B7A1-07E455A9FE6A}"
EndProject
Project("{9A19103F-16F7-4668-BE54-9A1E7A4F7556}") = "FlickrNetCore", "FlickrNetCore.csproj", "{7E9F35D5-F2B7-4886-A42C-882E1CA85874}"
EndProject
Global
	GlobalSection(SolutionConfigurationPlatforms) = preSolution
		AppVeyor|Any CPU = AppVeyor|Any CPU
		AppVeyor|ARM = AppVeyor|ARM
		AppVeyor|x64 = AppVeyor|x64
		AppVeyor|x86 = AppVeyor|x86
		Debug|Any CPU = Debug|Any CPU
		Debug|ARM = Debug|ARM
		Debug|x64 = Debug|x64
		Debug|x86 = Debug|x86
		Release|Any CPU = Release|Any CPU
		Release|ARM = Release|ARM
		Release|x64 = Release|x64
		Release|x86 = Release|x86
	EndGlobalSection
	GlobalSection(ProjectConfigurationPlatforms) = postSolution
		{22FEB4EC-ABD5-4FB5-B2C7-131C014B6E8A}.AppVeyor|Any CPU.ActiveCfg = AppVeyor|Any CPU
		{22FEB4EC-ABD5-4FB5-B2C7-131C014B6E8A}.AppVeyor|Any CPU.Build.0 = AppVeyor|Any CPU
		{22FEB4EC-ABD5-4FB5-B2C7-131C014B6E8A}.AppVeyor|ARM.ActiveCfg = AppVeyor|Any CPU
		{22FEB4EC-ABD5-4FB5-B2C7-131C014B6E8A}.AppVeyor|x64.ActiveCfg = AppVeyor|Any CPU
		{22FEB4EC-ABD5-4FB5-B2C7-131C014B6E8A}.AppVeyor|x86.ActiveCfg = AppVeyor|Any CPU
		{22FEB4EC-ABD5-4FB5-B2C7-131C014B6E8A}.Debug|Any CPU.ActiveCfg = Debug|Any CPU
		{22FEB4EC-ABD5-4FB5-B2C7-131C014B6E8A}.Debug|Any CPU.Build.0 = Debug|Any CPU
		{22FEB4EC-ABD5-4FB5-B2C7-131C014B6E8A}.Debug|ARM.ActiveCfg = Debug|Any CPU
		{22FEB4EC-ABD5-4FB5-B2C7-131C014B6E8A}.Debug|x64.ActiveCfg = Debug|Any CPU
		{22FEB4EC-ABD5-4FB5-B2C7-131C014B6E8A}.Debug|x86.ActiveCfg = Debug|Any CPU
		{22FEB4EC-ABD5-4FB5-B2C7-131C014B6E8A}.Release|Any CPU.ActiveCfg = Release|Any CPU
		{22FEB4EC-ABD5-4FB5-B2C7-131C014B6E8A}.Release|Any CPU.Build.0 = Release|Any CPU
		{22FEB4EC-ABD5-4FB5-B2C7-131C014B6E8A}.Release|ARM.ActiveCfg = Release|Any CPU
		{22FEB4EC-ABD5-4FB5-B2C7-131C014B6E8A}.Release|x64.ActiveCfg = Release|Any CPU
		{22FEB4EC-ABD5-4FB5-B2C7-131C014B6E8A}.Release|x86.ActiveCfg = Release|Any CPU
		{C41CCBD0-3EE1-4B94-A0D1-BB372CE0ECB2}.AppVeyor|Any CPU.ActiveCfg = AppVeyor|Any CPU
		{C41CCBD0-3EE1-4B94-A0D1-BB372CE0ECB2}.AppVeyor|Any CPU.Build.0 = AppVeyor|Any CPU
		{C41CCBD0-3EE1-4B94-A0D1-BB372CE0ECB2}.AppVeyor|ARM.ActiveCfg = AppVeyor|Any CPU
		{C41CCBD0-3EE1-4B94-A0D1-BB372CE0ECB2}.AppVeyor|x64.ActiveCfg = AppVeyor|Any CPU
		{C41CCBD0-3EE1-4B94-A0D1-BB372CE0ECB2}.AppVeyor|x86.ActiveCfg = AppVeyor|Any CPU
		{C41CCBD0-3EE1-4B94-A0D1-BB372CE0ECB2}.Debug|Any CPU.ActiveCfg = Debug|Any CPU
		{C41CCBD0-3EE1-4B94-A0D1-BB372CE0ECB2}.Debug|Any CPU.Build.0 = Debug|Any CPU
		{C41CCBD0-3EE1-4B94-A0D1-BB372CE0ECB2}.Debug|ARM.ActiveCfg = Debug|Any CPU
		{C41CCBD0-3EE1-4B94-A0D1-BB372CE0ECB2}.Debug|x64.ActiveCfg = Debug|Any CPU
		{C41CCBD0-3EE1-4B94-A0D1-BB372CE0ECB2}.Debug|x86.ActiveCfg = Debug|Any CPU
		{C41CCBD0-3EE1-4B94-A0D1-BB372CE0ECB2}.Release|Any CPU.ActiveCfg = Release|Any CPU
		{C41CCBD0-3EE1-4B94-A0D1-BB372CE0ECB2}.Release|Any CPU.Build.0 = Release|Any CPU
		{C41CCBD0-3EE1-4B94-A0D1-BB372CE0ECB2}.Release|ARM.ActiveCfg = Release|Any CPU
		{C41CCBD0-3EE1-4B94-A0D1-BB372CE0ECB2}.Release|x64.ActiveCfg = Release|Any CPU
		{C41CCBD0-3EE1-4B94-A0D1-BB372CE0ECB2}.Release|x86.ActiveCfg = Release|Any CPU
		{0F196C06-C9ED-479B-8844-F85E791709ED}.AppVeyor|Any CPU.ActiveCfg = Release|Any CPU
		{0F196C06-C9ED-479B-8844-F85E791709ED}.AppVeyor|Any CPU.Build.0 = Release|Any CPU
		{0F196C06-C9ED-479B-8844-F85E791709ED}.AppVeyor|ARM.ActiveCfg = Release|Any CPU
		{0F196C06-C9ED-479B-8844-F85E791709ED}.AppVeyor|x64.ActiveCfg = Release|Any CPU
		{0F196C06-C9ED-479B-8844-F85E791709ED}.AppVeyor|x86.ActiveCfg = Release|Any CPU
		{0F196C06-C9ED-479B-8844-F85E791709ED}.Debug|Any CPU.ActiveCfg = Debug|Any CPU
		{0F196C06-C9ED-479B-8844-F85E791709ED}.Debug|Any CPU.Build.0 = Debug|Any CPU
		{0F196C06-C9ED-479B-8844-F85E791709ED}.Debug|ARM.ActiveCfg = Debug|Any CPU
		{0F196C06-C9ED-479B-8844-F85E791709ED}.Debug|x64.ActiveCfg = Debug|Any CPU
		{0F196C06-C9ED-479B-8844-F85E791709ED}.Debug|x86.ActiveCfg = Debug|Any CPU
		{0F196C06-C9ED-479B-8844-F85E791709ED}.Release|Any CPU.ActiveCfg = Release|Any CPU
		{0F196C06-C9ED-479B-8844-F85E791709ED}.Release|Any CPU.Build.0 = Release|Any CPU
		{0F196C06-C9ED-479B-8844-F85E791709ED}.Release|ARM.ActiveCfg = Release|Any CPU
		{0F196C06-C9ED-479B-8844-F85E791709ED}.Release|x64.ActiveCfg = Release|Any CPU
		{0F196C06-C9ED-479B-8844-F85E791709ED}.Release|x86.ActiveCfg = Release|Any CPU
		{C6159511-3C62-4858-B7A1-07E455A9FE6A}.AppVeyor|Any CPU.ActiveCfg = Release|Any CPU
		{C6159511-3C62-4858-B7A1-07E455A9FE6A}.AppVeyor|Any CPU.Build.0 = Release|Any CPU
		{C6159511-3C62-4858-B7A1-07E455A9FE6A}.AppVeyor|ARM.ActiveCfg = Release|Any CPU
		{C6159511-3C62-4858-B7A1-07E455A9FE6A}.AppVeyor|x64.ActiveCfg = Release|Any CPU
		{C6159511-3C62-4858-B7A1-07E455A9FE6A}.AppVeyor|x86.ActiveCfg = Release|Any CPU
		{C6159511-3C62-4858-B7A1-07E455A9FE6A}.Debug|Any CPU.ActiveCfg = Debug|Any CPU
		{C6159511-3C62-4858-B7A1-07E455A9FE6A}.Debug|Any CPU.Build.0 = Debug|Any CPU
		{C6159511-3C62-4858-B7A1-07E455A9FE6A}.Debug|ARM.ActiveCfg = Debug|Any CPU
		{C6159511-3C62-4858-B7A1-07E455A9FE6A}.Debug|x64.ActiveCfg = Debug|Any CPU
		{C6159511-3C62-4858-B7A1-07E455A9FE6A}.Debug|x86.ActiveCfg = Debug|Any CPU
		{C6159511-3C62-4858-B7A1-07E455A9FE6A}.Release|Any CPU.ActiveCfg = Release|Any CPU
		{C6159511-3C62-4858-B7A1-07E455A9FE6A}.Release|Any CPU.Build.0 = Release|Any CPU
		{C6159511-3C62-4858-B7A1-07E455A9FE6A}.Release|ARM.ActiveCfg = Release|Any CPU
		{C6159511-3C62-4858-B7A1-07E455A9FE6A}.Release|x64.ActiveCfg = Release|Any CPU
		{C6159511-3C62-4858-B7A1-07E455A9FE6A}.Release|x86.ActiveCfg = Release|Any CPU
		{7E9F35D5-F2B7-4886-A42C-882E1CA85874}.AppVeyor|Any CPU.ActiveCfg = Debug|Any CPU
		{7E9F35D5-F2B7-4886-A42C-882E1CA85874}.AppVeyor|Any CPU.Build.0 = Debug|Any CPU
		{7E9F35D5-F2B7-4886-A42C-882E1CA85874}.AppVeyor|ARM.ActiveCfg = Debug|Any CPU
		{7E9F35D5-F2B7-4886-A42C-882E1CA85874}.AppVeyor|ARM.Build.0 = Debug|Any CPU
		{7E9F35D5-F2B7-4886-A42C-882E1CA85874}.AppVeyor|x64.ActiveCfg = Debug|Any CPU
		{7E9F35D5-F2B7-4886-A42C-882E1CA85874}.AppVeyor|x64.Build.0 = Debug|Any CPU
		{7E9F35D5-F2B7-4886-A42C-882E1CA85874}.AppVeyor|x86.ActiveCfg = Debug|Any CPU
		{7E9F35D5-F2B7-4886-A42C-882E1CA85874}.AppVeyor|x86.Build.0 = Debug|Any CPU
		{7E9F35D5-F2B7-4886-A42C-882E1CA85874}.Debug|Any CPU.ActiveCfg = Debug|Any CPU
		{7E9F35D5-F2B7-4886-A42C-882E1CA85874}.Debug|Any CPU.Build.0 = Debug|Any CPU
		{7E9F35D5-F2B7-4886-A42C-882E1CA85874}.Debug|ARM.ActiveCfg = Debug|Any CPU
		{7E9F35D5-F2B7-4886-A42C-882E1CA85874}.Debug|ARM.Build.0 = Debug|Any CPU
		{7E9F35D5-F2B7-4886-A42C-882E1CA85874}.Debug|x64.ActiveCfg = Debug|Any CPU
		{7E9F35D5-F2B7-4886-A42C-882E1CA85874}.Debug|x64.Build.0 = Debug|Any CPU
		{7E9F35D5-F2B7-4886-A42C-882E1CA85874}.Debug|x86.ActiveCfg = Debug|Any CPU
		{7E9F35D5-F2B7-4886-A42C-882E1CA85874}.Debug|x86.Build.0 = Debug|Any CPU
		{7E9F35D5-F2B7-4886-A42C-882E1CA85874}.Release|Any CPU.ActiveCfg = Release|Any CPU
		{7E9F35D5-F2B7-4886-A42C-882E1CA85874}.Release|Any CPU.Build.0 = Release|Any CPU
		{7E9F35D5-F2B7-4886-A42C-882E1CA85874}.Release|ARM.ActiveCfg = Release|Any CPU
		{7E9F35D5-F2B7-4886-A42C-882E1CA85874}.Release|ARM.Build.0 = Release|Any CPU
		{7E9F35D5-F2B7-4886-A42C-882E1CA85874}.Release|x64.ActiveCfg = Release|Any CPU
		{7E9F35D5-F2B7-4886-A42C-882E1CA85874}.Release|x64.Build.0 = Release|Any CPU
		{7E9F35D5-F2B7-4886-A42C-882E1CA85874}.Release|x86.ActiveCfg = Release|Any CPU
		{7E9F35D5-F2B7-4886-A42C-882E1CA85874}.Release|x86.Build.0 = Release|Any CPU
	EndGlobalSection
	GlobalSection(SolutionProperties) = preSolution
		HideSolutionNode = FALSE
	EndGlobalSection
	GlobalSection(ExtensibilityGlobals) = postSolution
		SolutionGuid = {EEE79AEA-413F-45E1-92A1-F8EAEED133DA}
	EndGlobalSection
EndGlobal
