
Microsoft Visual Studio Solution File, Format Version 12.00
# Visual Studio 2012
Project("{2150E333-8FDC-42A3-9474-1A3956D46DE8}") = "Solution Items", "Solution Items", "{A78529B5-8396-4ECE-84B4-E42E66B4F0F9}"
EndProject
Project("{FAE04EC0-301F-11D3-BF4B-00C04F79EFBC}") = "FlickrNet45", "FlickrNet45.csproj", "{22FEB4EC-ABD5-4FB5-B2C7-131C014B6E8A}"
EndProject
Project("{FAE04EC0-301F-11D3-BF4B-00C04F79EFBC}") = "FlickrNet45.Tests", "FlickrNet45.Tests\FlickrNet45.Tests.csproj", "{C41CCBD0-3EE1-4B94-A0D1-BB372CE0ECB2}"
EndProject
Project("{2150E333-8FDC-42A3-9474-1A3956D46DE8}") = ".nuget", ".nuget", "{2A17450F-35C5-48F3-8D05-B7498EA4311D}"
	ProjectSection(SolutionItems) = preProject
		.nuget\NuGet.Config = .nuget\NuGet.Config
		.nuget\NuGet.exe = .nuget\NuGet.exe
		.nuget\NuGet.targets = .nuget\NuGet.targets
	EndProjectSection
EndProject
Project("{FAE04EC0-301F-11D3-BF4B-00C04F79EFBC}") = "FlickrNetWS", "FlickrNetWS.csproj", "{37B6A263-A4EE-47E0-9E77-8BEADC058B91}"
EndProject
Project("{FAE04EC0-301F-11D3-BF4B-00C04F79EFBC}") = "FlickrNetWS.Tests", "FlickrNetWS.Tests\FlickrNetWS.Tests.csproj", "{0F84A16C-A7DC-4734-9039-3360B851BD2D}"
EndProject
Project("{FAE04EC0-301F-11D3-BF4B-00C04F79EFBC}") = "FlickrNetWS.MsTests", "FlickrNetWS.MsTests\FlickrNetWS.MsTests.csproj", "{D3FF6F73-DD88-460E-B5D1-62078EFA3958}"
EndProject
Global
	GlobalSection(SolutionConfigurationPlatforms) = preSolution
		Debug|Any CPU = Debug|Any CPU
		Debug|ARM = Debug|ARM
		Debug|x64 = Debug|x64
		Debug|x86 = Debug|x86
		Release|Any CPU = Release|Any CPU
		Release|ARM = Release|ARM
		Release|x64 = Release|x64
		Release|x86 = Release|x86
	EndGlobalSection
	GlobalSection(ProjectConfigurationPlatforms) = postSolution
		{22FEB4EC-ABD5-4FB5-B2C7-131C014B6E8A}.Debug|Any CPU.ActiveCfg = Debug|Any CPU
		{22FEB4EC-ABD5-4FB5-B2C7-131C014B6E8A}.Debug|Any CPU.Build.0 = Debug|Any CPU
		{22FEB4EC-ABD5-4FB5-B2C7-131C014B6E8A}.Debug|ARM.ActiveCfg = Debug|Any CPU
		{22FEB4EC-ABD5-4FB5-B2C7-131C014B6E8A}.Debug|x64.ActiveCfg = Debug|Any CPU
		{22FEB4EC-ABD5-4FB5-B2C7-131C014B6E8A}.Debug|x86.ActiveCfg = Debug|Any CPU
		{22FEB4EC-ABD5-4FB5-B2C7-131C014B6E8A}.Release|Any CPU.ActiveCfg = Release|Any CPU
		{22FEB4EC-ABD5-4FB5-B2C7-131C014B6E8A}.Release|Any CPU.Build.0 = Release|Any CPU
		{22FEB4EC-ABD5-4FB5-B2C7-131C014B6E8A}.Release|ARM.ActiveCfg = Release|Any CPU
		{22FEB4EC-ABD5-4FB5-B2C7-131C014B6E8A}.Release|x64.ActiveCfg = Release|Any CPU
		{22FEB4EC-ABD5-4FB5-B2C7-131C014B6E8A}.Release|x86.ActiveCfg = Release|Any CPU
		{C41CCBD0-3EE1-4B94-A0D1-BB372CE0ECB2}.Debug|Any CPU.ActiveCfg = Debug|Any CPU
		{C41CCBD0-3EE1-4B94-A0D1-BB372CE0ECB2}.Debug|Any CPU.Build.0 = Debug|Any CPU
		{C41CCBD0-3EE1-4B94-A0D1-BB372CE0ECB2}.Debug|ARM.ActiveCfg = Debug|Any CPU
		{C41CCBD0-3EE1-4B94-A0D1-BB372CE0ECB2}.Debug|x64.ActiveCfg = Debug|Any CPU
		{C41CCBD0-3EE1-4B94-A0D1-BB372CE0ECB2}.Debug|x86.ActiveCfg = Debug|Any CPU
		{C41CCBD0-3EE1-4B94-A0D1-BB372CE0ECB2}.Release|Any CPU.ActiveCfg = Release|Any CPU
		{C41CCBD0-3EE1-4B94-A0D1-BB372CE0ECB2}.Release|Any CPU.Build.0 = Release|Any CPU
		{C41CCBD0-3EE1-4B94-A0D1-BB372CE0ECB2}.Release|ARM.ActiveCfg = Release|Any CPU
		{C41CCBD0-3EE1-4B94-A0D1-BB372CE0ECB2}.Release|x64.ActiveCfg = Release|Any CPU
		{C41CCBD0-3EE1-4B94-A0D1-BB372CE0ECB2}.Release|x86.ActiveCfg = Release|Any CPU
		{37B6A263-A4EE-47E0-9E77-8BEADC058B91}.Debug|Any CPU.ActiveCfg = Debug|Any CPU
		{37B6A263-A4EE-47E0-9E77-8BEADC058B91}.Debug|Any CPU.Build.0 = Debug|Any CPU
		{37B6A263-A4EE-47E0-9E77-8BEADC058B91}.Debug|ARM.ActiveCfg = Debug|ARM
		{37B6A263-A4EE-47E0-9E77-8BEADC058B91}.Debug|ARM.Build.0 = Debug|ARM
		{37B6A263-A4EE-47E0-9E77-8BEADC058B91}.Debug|x64.ActiveCfg = Debug|x64
		{37B6A263-A4EE-47E0-9E77-8BEADC058B91}.Debug|x64.Build.0 = Debug|x64
		{37B6A263-A4EE-47E0-9E77-8BEADC058B91}.Debug|x86.ActiveCfg = Debug|x86
		{37B6A263-A4EE-47E0-9E77-8BEADC058B91}.Debug|x86.Build.0 = Debug|x86
		{37B6A263-A4EE-47E0-9E77-8BEADC058B91}.Release|Any CPU.ActiveCfg = Release|Any CPU
		{37B6A263-A4EE-47E0-9E77-8BEADC058B91}.Release|Any CPU.Build.0 = Release|Any CPU
		{37B6A263-A4EE-47E0-9E77-8BEADC058B91}.Release|ARM.ActiveCfg = Release|ARM
		{37B6A263-A4EE-47E0-9E77-8BEADC058B91}.Release|ARM.Build.0 = Release|ARM
		{37B6A263-A4EE-47E0-9E77-8BEADC058B91}.Release|x64.ActiveCfg = Release|x64
		{37B6A263-A4EE-47E0-9E77-8BEADC058B91}.Release|x64.Build.0 = Release|x64
		{37B6A263-A4EE-47E0-9E77-8BEADC058B91}.Release|x86.ActiveCfg = Release|x86
		{37B6A263-A4EE-47E0-9E77-8BEADC058B91}.Release|x86.Build.0 = Release|x86
		{0F84A16C-A7DC-4734-9039-3360B851BD2D}.Debug|Any CPU.ActiveCfg = Debug|Any CPU
		{0F84A16C-A7DC-4734-9039-3360B851BD2D}.Debug|Any CPU.Build.0 = Debug|Any CPU
		{0F84A16C-A7DC-4734-9039-3360B851BD2D}.Debug|ARM.ActiveCfg = Debug|ARM
		{0F84A16C-A7DC-4734-9039-3360B851BD2D}.Debug|ARM.Build.0 = Debug|ARM
		{0F84A16C-A7DC-4734-9039-3360B851BD2D}.Debug|x64.ActiveCfg = Debug|x64
		{0F84A16C-A7DC-4734-9039-3360B851BD2D}.Debug|x64.Build.0 = Debug|x64
		{0F84A16C-A7DC-4734-9039-3360B851BD2D}.Debug|x86.ActiveCfg = Debug|x86
		{0F84A16C-A7DC-4734-9039-3360B851BD2D}.Debug|x86.Build.0 = Debug|x86
		{0F84A16C-A7DC-4734-9039-3360B851BD2D}.Release|Any CPU.ActiveCfg = Release|Any CPU
		{0F84A16C-A7DC-4734-9039-3360B851BD2D}.Release|Any CPU.Build.0 = Release|Any CPU
		{0F84A16C-A7DC-4734-9039-3360B851BD2D}.Release|ARM.ActiveCfg = Release|ARM
		{0F84A16C-A7DC-4734-9039-3360B851BD2D}.Release|ARM.Build.0 = Release|ARM
		{0F84A16C-A7DC-4734-9039-3360B851BD2D}.Release|x64.ActiveCfg = Release|x64
		{0F84A16C-A7DC-4734-9039-3360B851BD2D}.Release|x64.Build.0 = Release|x64
		{0F84A16C-A7DC-4734-9039-3360B851BD2D}.Release|x86.ActiveCfg = Release|x86
		{0F84A16C-A7DC-4734-9039-3360B851BD2D}.Release|x86.Build.0 = Release|x86
		{D3FF6F73-DD88-460E-B5D1-62078EFA3958}.Debug|Any CPU.ActiveCfg = Debug|Any CPU
		{D3FF6F73-DD88-460E-B5D1-62078EFA3958}.Debug|Any CPU.Build.0 = Debug|Any CPU
		{D3FF6F73-DD88-460E-B5D1-62078EFA3958}.Debug|Any CPU.Deploy.0 = Debug|Any CPU
		{D3FF6F73-DD88-460E-B5D1-62078EFA3958}.Debug|ARM.ActiveCfg = Debug|ARM
		{D3FF6F73-DD88-460E-B5D1-62078EFA3958}.Debug|ARM.Build.0 = Debug|ARM
		{D3FF6F73-DD88-460E-B5D1-62078EFA3958}.Debug|ARM.Deploy.0 = Debug|ARM
		{D3FF6F73-DD88-460E-B5D1-62078EFA3958}.Debug|x64.ActiveCfg = Debug|x64
		{D3FF6F73-DD88-460E-B5D1-62078EFA3958}.Debug|x64.Build.0 = Debug|x64
		{D3FF6F73-DD88-460E-B5D1-62078EFA3958}.Debug|x64.Deploy.0 = Debug|x64
		{D3FF6F73-DD88-460E-B5D1-62078EFA3958}.Debug|x86.ActiveCfg = Debug|x86
		{D3FF6F73-DD88-460E-B5D1-62078EFA3958}.Debug|x86.Build.0 = Debug|x86
		{D3FF6F73-DD88-460E-B5D1-62078EFA3958}.Debug|x86.Deploy.0 = Debug|x86
		{D3FF6F73-DD88-460E-B5D1-62078EFA3958}.Release|Any CPU.ActiveCfg = Release|Any CPU
		{D3FF6F73-DD88-460E-B5D1-62078EFA3958}.Release|Any CPU.Build.0 = Release|Any CPU
		{D3FF6F73-DD88-460E-B5D1-62078EFA3958}.Release|Any CPU.Deploy.0 = Release|Any CPU
		{D3FF6F73-DD88-460E-B5D1-62078EFA3958}.Release|ARM.ActiveCfg = Release|ARM
		{D3FF6F73-DD88-460E-B5D1-62078EFA3958}.Release|ARM.Build.0 = Release|ARM
		{D3FF6F73-DD88-460E-B5D1-62078EFA3958}.Release|ARM.Deploy.0 = Release|ARM
		{D3FF6F73-DD88-460E-B5D1-62078EFA3958}.Release|x64.ActiveCfg = Release|x64
		{D3FF6F73-DD88-460E-B5D1-62078EFA3958}.Release|x64.Build.0 = Release|x64
		{D3FF6F73-DD88-460E-B5D1-62078EFA3958}.Release|x64.Deploy.0 = Release|x64
		{D3FF6F73-DD88-460E-B5D1-62078EFA3958}.Release|x86.ActiveCfg = Release|x86
		{D3FF6F73-DD88-460E-B5D1-62078EFA3958}.Release|x86.Build.0 = Release|x86
		{D3FF6F73-DD88-460E-B5D1-62078EFA3958}.Release|x86.Deploy.0 = Release|x86
	EndGlobalSection
	GlobalSection(SolutionProperties) = preSolution
		HideSolutionNode = FALSE
	EndGlobalSection
EndGlobal
